{
  "name": "office-oxide",
  "version": "0.1.8",
  "lockfileVersion": 3,
  "requires": true,
  "packages": {
    "": {
      "name": "office-oxide",
      "version": "0.1.8",
      "hasInstallScript": true,
      "license": "MIT OR Apache-2.0",
      "dependencies": {
        "koffi": "^3.1.2"
      },
      "engines": {
        "node": ">=18"
      }
    },
    "node_modules/@koromix/koffi-darwin-arm64": {
      "version": "3.1.4",
      "resolved": "https://registry.npmjs.org/@koromix/koffi-darwin-arm64/-/koffi-darwin-arm64-3.1.4.tgz",
      "integrity": "sha512-/9o0uahf25sNXz7CczfMAsgdHrrrkDK3/d1W5ygJUC7QnpWo80103yTYpYahWP3vTABK5yjzKtURgssv1paskA==",
      "cpu": [
        "arm64"
      ],
      "license": "MIT",
      "optional": true,
      "os": [
        "darwin"
      ],
      "funding": {
        "url": "https://liberapay.com/Koromix"
      }
    },
    "node_modules/@koromix/koffi-darwin-x64": {
      "version": "3.1.4",
      "resolved": "https://registry.npmjs.org/@koromix/koffi-darwin-x64/-/koffi-darwin-x64-3.1.4.tgz",
      "integrity": "sha512-6IOhfAHbrySr6lYRU720Hg+IMQvtMpN08k9Ppf9WF8NxYRdHLnW1FJm7zCbClfrwudtjhS/piwDYwgAkO5u8cg==",
      "cpu": [
        "x64"
      ],
      "license": "MIT",
      "optional": true,
      "os": [
        "darwin"
      ],
      "funding": {
        "url": "https://liberapay.com/Koromix"
      }
    },
    "node_modules/@koromix/koffi-freebsd-arm64": {
      "version": "3.1.4",
      "resolved": "https://registry.npmjs.org/@koromix/koffi-freebsd-arm64/-/koffi-freebsd-arm64-3.1.4.tgz",
      "integrity": "sha512-JKCWC0awdVvq7Nd/etn4PXFTa7uvyHn7IzqtaOZ3r4dJRdwQVby7Ai/wsQo8UUrJfAYlALkLYgFgU8wgsnAE/A==",
      "cpu": [
        "arm64"
      ],
      "license": "MIT",
      "optional": true,
      "os": [
        "freebsd"
      ],
      "funding": {
        "url": "https://liberapay.com/Koromix"
      }
    },
    "node_modules/@koromix/koffi-freebsd-ia32": {
      "version": "3.1.4",
      "resolved": "https://registry.npmjs.org/@koromix/koffi-freebsd-ia32/-/koffi-freebsd-ia32-3.1.4.tgz",
      "integrity": "sha512-gU9pShDRLMZzftdGW+mTzyL8Cpa/7nzHPHe5vFakjGgtIzVFzdFBqwli4oB+tFsx44W1VqMMlvMMVlnz54ERiQ==",
      "cpu": [
        "ia32"
      ],
      "license": "MIT",
      "optional": true,
      "os": [
        "freebsd"
      ],
      "funding": {
        "url": "https://liberapay.com/Koromix"
      }
    },
    "node_modules/@koromix/koffi-freebsd-x64": {
      "version": "3.1.4",
      "resolved": "https://registry.npmjs.org/@koromix/koffi-freebsd-x64/-/koffi-freebsd-x64-3.1.4.tgz",
      "integrity": "sha512-2kppLX97xBM3WoQET6noN4W02zT2fkFRXHYluAwcCcmkEax8AVJ1CYs6hxcZ3kaNPc+5P7yMw3V/b1lg2v3aMw==",
      "cpu": [
        "x64"
      ],
      "license": "MIT",
      "optional": true,
      "os": [
        "freebsd"
      ],
      "funding": {
        "url": "https://liberapay.com/Koromix"
      }
    },
    "node_modules/@koromix/koffi-linux-arm64": {
      "version": "3.1.4",
      "resolved": "https://registry.npmjs.org/@koromix/koffi-linux-arm64/-/koffi-linux-arm64-3.1.4.tgz",
      "integrity": "sha512-yYbypuGVGqrNchkAMY59kj+7TZ1c1u9lXRG1+74X9T8G4rOaushoVONNYLuu+ygpbwsKzz/NvEDtRioRU/dQlQ==",
      "cpu": [
        "arm64"
      ],
      "license": "MIT",
      "optional": true,
      "os": [
        "linux"
      ],
      "funding": {
        "url": "https://liberapay.com/Koromix"
      }
    },
    "node_modules/@koromix/koffi-linux-ia32": {
      "version": "3.1.4",
      "resolved": "https://registry.npmjs.org/@koromix/koffi-linux-ia32/-/koffi-linux-ia32-3.1.4.tgz",
      "integrity": "sha512-IoA/8Qfc6ZEmwMw2Nf4aSp9RfJnxh0UHhdqD4FsVXm0vC797kLMuzj744vv5tll+waVfjrU10jREqjtnMVFoQw==",
      "cpu": [
        "ia32"
      ],
      "license": "MIT",
      "optional": true,
      "os": [
        "linux"
      ],
      "funding": {
        "url": "https://liberapay.com/Koromix"
      }
    },
    "node_modules/@koromix/koffi-linux-loong64": {
      "version": "3.1.4",
      "resolved": "https://registry.npmjs.org/@koromix/koffi-linux-loong64/-/koffi-linux-loong64-3.1.4.tgz",
      "integrity": "sha512-ZUTdea+9dg6CV9J9CIGbhTh0FtSBgvcGKqDrlp9BVQF71jEDKOri1by/TrDe8yQUyC5kzWN8vWnkzES5wT0xDg==",
      "cpu": [
        "loong64"
      ],
      "license": "MIT",
      "optional": true,
      "os": [
        "linux"
      ],
      "funding": {
        "url": "https://liberapay.com/Koromix"
      }
    },
    "node_modules/@koromix/koffi-linux-riscv64": {
      "version": "3.1.4",
      "resolved": "https://registry.npmjs.org/@koromix/koffi-linux-riscv64/-/koffi-linux-riscv64-3.1.4.tgz",
      "integrity": "sha512-CINyyhNYV/8MX52MGhYcik2G6PXH+KEU2JEO7dOONlsGol4lSGyW40RvYA4RQgNYk8q8imGSEScL08X8eOXnaA==",
      "cpu": [
        "riscv64"
      ],
      "license": "MIT",
      "optional": true,
      "os": [
        "linux"
      ],
      "funding": {
        "url": "https://liberapay.com/Koromix"
      }
    },
    "node_modules/@koromix/koffi-linux-x64": {
      "version": "3.1.4",
      "resolved": "https://registry.npmjs.org/@koromix/koffi-linux-x64/-/koffi-linux-x64-3.1.4.tgz",
      "integrity": "sha512-x3XnAy/tUTTCX/gMpV7VJNpOQIVQvzNhNYDrpyIeS9Q8/f1qLsE0vp0tj7A/YEDIfMVLqoJtyamfRJc04+vk4w==",
      "cpu": [
        "x64"
      ],
      "license": "MIT",
      "optional": true,
      "os": [
        "linux"
      ],
      "funding": {
        "url": "https://liberapay.com/Koromix"
      }
    },
    "node_modules/@koromix/koffi-openbsd-ia32": {
      "version": "3.1.4",
      "resolved": "https://registry.npmjs.org/@koromix/koffi-openbsd-ia32/-/koffi-openbsd-ia32-3.1.4.tgz",
      "integrity": "sha512-r9p/fffvmBm7+iT5BZ+c17gZJ280jvmbinrPZqjG14rF9I4lk7xrlV79YfsexkeN4mcPjF2hSPtbMNFBoQU3Dw==",
      "cpu": [
        "ia32"
      ],
      "license": "MIT",
      "optional": true,
      "os": [
        "openbsd"
      ],
      "funding": {
        "url": "https://liberapay.com/Koromix"
      }
    },
    "node_modules/@koromix/koffi-openbsd-x64": {
      "version": "3.1.4",
      "resolved": "https://registry.npmjs.org/@koromix/koffi-openbsd-x64/-/koffi-openbsd-x64-3.1.4.tgz",
      "integrity": "sha512-SNp5AxOzheC2YaWPu3Y86wxRHHWf6V9NMl5Ot5nu9OpnP61Yinzug7JwsCeXtcZZTbKLsfsWoT7y4n17UYpOVA==",
      "cpu": [
        "x64"
      ],
      "license": "MIT",
      "optional": true,
      "os": [
        "openbsd"
      ],
      "funding": {
        "url": "https://liberapay.com/Koromix"
      }
    },
    "node_modules/@koromix/koffi-win32-arm64": {
      "version": "3.1.4",
      "resolved": "https://registry.npmjs.org/@koromix/koffi-win32-arm64/-/koffi-win32-arm64-3.1.4.tgz",
      "integrity": "sha512-oS8ETU35AelOD6DY7xmmz9qq26Xl38upXWiZbsdxbtH9UEIY0QpenQOuCK/0+q4CtfiLorRUlglGkO9YgPAIeA==",
      "cpu": [
        "arm64"
      ],
      "license": "MIT",
      "optional": true,
      "os": [
        "win32"
      ],
      "funding": {
        "url": "https://liberapay.com/Koromix"
      }
    },
    "node_modules/@koromix/koffi-win32-ia32": {
      "version": "3.1.4",
      "resolved": "https://registry.npmjs.org/@koromix/koffi-win32-ia32/-/koffi-win32-ia32-3.1.4.tgz",
      "integrity": "sha512-zd7Qh8s4fzblD9zzuDf44XCbujYg3QrffhgcNJg79/YC6ABT2m0CUtX4yFic9EWm2ps8NPAM25kCTCXPpt3eaw==",
      "cpu": [
        "ia32"
      ],
      "license": "MIT",
      "optional": true,
      "os": [
        "win32"
      ],
      "funding": {
        "url": "https://liberapay.com/Koromix"
      }
    },
    "node_modules/@koromix/koffi-win32-x64": {
      "version": "3.1.4",
      "resolved": "https://registry.npmjs.org/@koromix/koffi-win32-x64/-/koffi-win32-x64-3.1.4.tgz",
      "integrity": "sha512-BPeQXc1bRd0QBOklvsP+AjoRnUzKbPNE6rfx7VNxrebhh09MKld2ibstgKWn6ejQLEcfKEoUJ+WAWIhX4AOsIg==",
      "cpu": [
        "x64"
      ],
      "license": "MIT",
      "optional": true,
      "os": [
        "win32"
      ],
      "funding": {
        "url": "https://liberapay.com/Koromix"
      }
    },
    "node_modules/koffi": {
      "version": "3.1.4",
      "resolved": "https://registry.npmjs.org/koffi/-/koffi-3.1.4.tgz",
      "integrity": "sha512-KHX39XIg7afe8ds+0MHPoLiKR9dCzsVK4oAmBUSaeJlcX0xur22f15C2DILbZ6GJ9eyqC+e6Sb1cTG7M17z+Tg==",
      "hasInstallScript": true,
      "license": "MIT",
      "funding": {
        "url": "https://liberapay.com/Koromix"
      },
      "optionalDependencies": {
        "@koromix/koffi-darwin-arm64": "3.1.4",
        "@koromix/koffi-darwin-x64": "3.1.4",
        "@koromix/koffi-freebsd-arm64": "3.1.4",
        "@koromix/koffi-freebsd-ia32": "3.1.4",
        "@koromix/koffi-freebsd-x64": "3.1.4",
        "@koromix/koffi-linux-arm64": "3.1.4",
        "@koromix/koffi-linux-ia32": "3.1.4",
        "@koromix/koffi-linux-loong64": "3.1.4",
        "@koromix/koffi-linux-riscv64": "3.1.4",
        "@koromix/koffi-linux-x64": "3.1.4",
        "@koromix/koffi-openbsd-ia32": "3.1.4",
        "@koromix/koffi-openbsd-x64": "3.1.4",
        "@koromix/koffi-win32-arm64": "3.1.4",
        "@koromix/koffi-win32-ia32": "3.1.4",
        "@koromix/koffi-win32-x64": "3.1.4"
      }
    }
  }
}
